
Microsoft Visual Studio Solution File, Format Version 12.00
# Visual Studio Version 17
VisualStudioVersion = 17.11.35327.3
MinimumVisualStudioVersion = 10.0.40219.1
Project("{FAE04EC0-301F-11D3-BF4B-00C04F79EFBC}") = "SP_KPA", "SP_KPA.csproj", "{04A0C69C-509A-4A9D-BA87-123F76BA42DD}"
EndProject
Global
	GlobalSection(SolutionConfigurationPlatforms) = preSolution
		Debug|Any CPU = Debug|Any CPU
		Release|Any CPU = Release|Any CPU
	EndGlobalSection
	GlobalSection(ProjectConfigurationPlatforms) = postSolution
		{04A0C69C-509A-4A9D-BA87-123F76BA42DD}.Debug|Any CPU.ActiveCfg = Debug|Any CPU
		{04A0C69C-509A-4A9D-BA87-123F76BA42DD}.Debug|Any CPU.Build.0 = Debug|Any CPU
		{04A0C69C-509A-4A9D-BA87-123F76BA42DD}.Release|Any CPU.ActiveCfg = Release|Any CPU
		{04A0C69C-509A-4A9D-BA87-123F76BA42DD}.Release|Any CPU.Build.0 = Release|Any CPU
	EndGlobalSection
	GlobalSection(SolutionProperties) = preSolution
		HideSolutionNode = FALSE
	EndGlobalSection
	GlobalSection(ExtensibilityGlobals) = postSolution
		SolutionGuid = {5BA03509-B178-4B19-87F3-FF3459A6F2C1}
	EndGlobalSection
EndGlobal
